
Microsoft Visual Studio Solution File, Format Version 12.00
# Visual Studio Version 17
VisualStudioVersion = 17.7.34031.279
MinimumVisualStudioVersion = 10.0.40219.1
Project("{FAE04EC0-301F-11D3-BF4B-00C04F79EFBC}") = "praktosik6", "praktosik6\praktosik6.csproj", "{7EB0C468-5F3D-4577-B766-0AF45A927BA3}"
EndProject
Global
	GlobalSection(SolutionConfigurationPlatforms) = preSolution
		Debug|Any CPU = Debug|Any CPU
		Release|Any CPU = Release|Any CPU
	EndGlobalSection
	GlobalSection(ProjectConfigurationPlatforms) = postSolution
		{7EB0C468-5F3D-4577-B766-0AF45A927BA3}.Debug|Any CPU.ActiveCfg = Debug|Any CPU
		{7EB0C468-5F3D-4577-B766-0AF45A927BA3}.Debug|Any CPU.Build.0 = Debug|Any CPU
		{7EB0C468-5F3D-4577-B766-0AF45A927BA3}.Release|Any CPU.ActiveCfg = Release|Any CPU
		{7EB0C468-5F3D-4577-B766-0AF45A927BA3}.Release|Any CPU.Build.0 = Release|Any CPU
	EndGlobalSection
	GlobalSection(SolutionProperties) = preSolution
		HideSolutionNode = FALSE
	EndGlobalSection
	GlobalSection(ExtensibilityGlobals) = postSolution
		SolutionGuid = {FC1A6C8F-6B0E-48C6-AFF5-49B0C14159CC}
	EndGlobalSection
EndGlobal
